
Microsoft Visual Studio Solution File, Format Version 10.00
# Visual Studio 2008
Project("{8BC9CEB8-8B4A-11D0-8D11-00A0C91BC942}") = "test_11_19", "test_11_19\test_11_19.vcproj", "{AFDE12A5-4180-474A-904F-EDC04ABD7988}"
EndProject
Global
	GlobalSection(SolutionConfigurationPlatforms) = preSolution
		Debug|Win32 = Debug|Win32
		Release|Win32 = Release|Win32
	EndGlobalSection
	GlobalSection(ProjectConfigurationPlatforms) = postSolution
		{AFDE12A5-4180-474A-904F-EDC04ABD7988}.Debug|Win32.ActiveCfg = Debug|Win32
		{AFDE12A5-4180-474A-904F-EDC04ABD7988}.Debug|Win32.Build.0 = Debug|Win32
		{AFDE12A5-4180-474A-904F-EDC04ABD7988}.Release|Win32.ActiveCfg = Release|Win32
		{AFDE12A5-4180-474A-904F-EDC04ABD7988}.Release|Win32.Build.0 = Release|Win32
	EndGlobalSection
	GlobalSection(SolutionProperties) = preSolution
		HideSolutionNode = FALSE
	EndGlobalSection
EndGlobal
